
Microsoft Visual Studio Solution File, Format Version 12.00
# Visual Studio Version 16
VisualStudioVersion = 16.0.28729.10
MinimumVisualStudioVersion = 10.0.40219.1
Project("{9A19103F-16F7-4668-BE54-9A1E7A4F7556}") = "WebApi", "Application\WebApi\WebApi.csproj", "{02DE90A3-89EB-4453-A64E-59343F04BA51}"
EndProject
Project("{2150E333-8FDC-42A3-9474-1A3956D46DE8}") = "Components", "Components", "{9C393535-3F69-4957-8A17-C2EE898AEA78}"
EndProject
Project("{2150E333-8FDC-42A3-9474-1A3956D46DE8}") = "Infrastructure", "Infrastructure", "{F9E94B55-0BAB-40D1-9624-203CD63E7F6C}"
EndProject
Project("{9A19103F-16F7-4668-BE54-9A1E7A4F7556}") = "ApiDocUi", "Components\ApiDocUi\ApiDocUi.csproj", "{F7F65B74-FD6A-4F3D-9445-9A9E820905BB}"
EndProject
Project("{9A19103F-16F7-4668-BE54-9A1E7A4F7556}") = "DataAccess", "Infrastructure\DataAccess\DataAccess.csproj", "{74C5841B-ECA5-4642-BBE2-369D784A9817}"
EndProject
Project("{9A19103F-16F7-4668-BE54-9A1E7A4F7556}") = "ORM", "Infrastructure\ORM\ORM.csproj", "{C93B6318-1BA5-40BB-B0AC-74081B03E820}"
EndProject
Project("{2150E333-8FDC-42A3-9474-1A3956D46DE8}") = "Application", "Application", "{31A8C6F9-CD2B-4F3E-8868-E31AC2796034}"
EndProject
Project("{9A19103F-16F7-4668-BE54-9A1E7A4F7556}") = "DateModel", "Application\Entity\DateModel.csproj", "{970729F1-0F12-42BF-840C-3EBCA1B40858}"
EndProject
Project("{9A19103F-16F7-4668-BE54-9A1E7A4F7556}") = "DAO", "Application\DAO\DAO.csproj", "{F4BFE381-211C-415F-B8AD-C6B7CF00F7B9}"
EndProject
Project("{9A19103F-16F7-4668-BE54-9A1E7A4F7556}") = "BLL", "Application\BLL\BLL.csproj", "{1E72FBAA-40AE-47E8-91C7-50B47C3DF97B}"
EndProject
Project("{9A19103F-16F7-4668-BE54-9A1E7A4F7556}") = "Localization", "Components\Localization\Localization.csproj", "{F8EBC838-4AC7-472B-9B32-15A0FE353DD8}"
EndProject
Project("{9A19103F-16F7-4668-BE54-9A1E7A4F7556}") = "Cache", "Components\Cache\Cache.csproj", "{E70C7C7F-7A06-4E42-97BB-9D91592FAD7C}"
EndProject
Project("{9A19103F-16F7-4668-BE54-9A1E7A4F7556}") = "Common", "Components\Common\Common.csproj", "{675D5B5A-413F-4F41-975C-B3F551D441F9}"
EndProject
Project("{9A19103F-16F7-4668-BE54-9A1E7A4F7556}") = "ViewModel", "Application\DataModel\ViewModel.csproj", "{F9103B68-F096-4A86-97CA-09433F1BF0A6}"
EndProject
Project("{9A19103F-16F7-4668-BE54-9A1E7A4F7556}") = "Interface", "Interface\Interface.csproj", "{65729EBF-8995-4FFF-871A-F7CBC1FC5BEE}"
EndProject
Project("{9A19103F-16F7-4668-BE54-9A1E7A4F7556}") = "Supervisor", "Supervisor\Supervisor.csproj", "{9B295964-2AC2-4FB2-BEE3-FC6CABFC8ED1}"
EndProject
Global
	GlobalSection(SolutionConfigurationPlatforms) = preSolution
		Debug|Any CPU = Debug|Any CPU
		Release|Any CPU = Release|Any CPU
	EndGlobalSection
	GlobalSection(ProjectConfigurationPlatforms) = postSolution
		{02DE90A3-89EB-4453-A64E-59343F04BA51}.Debug|Any CPU.ActiveCfg = Debug|Any CPU
		{02DE90A3-89EB-4453-A64E-59343F04BA51}.Debug|Any CPU.Build.0 = Debug|Any CPU
		{02DE90A3-89EB-4453-A64E-59343F04BA51}.Release|Any CPU.ActiveCfg = Release|Any CPU
		{02DE90A3-89EB-4453-A64E-59343F04BA51}.Release|Any CPU.Build.0 = Release|Any CPU
		{F7F65B74-FD6A-4F3D-9445-9A9E820905BB}.Debug|Any CPU.ActiveCfg = Debug|Any CPU
		{F7F65B74-FD6A-4F3D-9445-9A9E820905BB}.Debug|Any CPU.Build.0 = Debug|Any CPU
		{F7F65B74-FD6A-4F3D-9445-9A9E820905BB}.Release|Any CPU.ActiveCfg = Release|Any CPU
		{F7F65B74-FD6A-4F3D-9445-9A9E820905BB}.Release|Any CPU.Build.0 = Release|Any CPU
		{74C5841B-ECA5-4642-BBE2-369D784A9817}.Debug|Any CPU.ActiveCfg = Debug|Any CPU
		{74C5841B-ECA5-4642-BBE2-369D784A9817}.Debug|Any CPU.Build.0 = Debug|Any CPU
		{74C5841B-ECA5-4642-BBE2-369D784A9817}.Release|Any CPU.ActiveCfg = Release|Any CPU
		{74C5841B-ECA5-4642-BBE2-369D784A9817}.Release|Any CPU.Build.0 = Release|Any CPU
		{C93B6318-1BA5-40BB-B0AC-74081B03E820}.Debug|Any CPU.ActiveCfg = Debug|Any CPU
		{C93B6318-1BA5-40BB-B0AC-74081B03E820}.Debug|Any CPU.Build.0 = Debug|Any CPU
		{C93B6318-1BA5-40BB-B0AC-74081B03E820}.Release|Any CPU.ActiveCfg = Release|Any CPU
		{C93B6318-1BA5-40BB-B0AC-74081B03E820}.Release|Any CPU.Build.0 = Release|Any CPU
		{970729F1-0F12-42BF-840C-3EBCA1B40858}.Debug|Any CPU.ActiveCfg = Debug|Any CPU
		{970729F1-0F12-42BF-840C-3EBCA1B40858}.Debug|Any CPU.Build.0 = Debug|Any CPU
		{970729F1-0F12-42BF-840C-3EBCA1B40858}.Release|Any CPU.ActiveCfg = Release|Any CPU
		{970729F1-0F12-42BF-840C-3EBCA1B40858}.Release|Any CPU.Build.0 = Release|Any CPU
		{F4BFE381-211C-415F-B8AD-C6B7CF00F7B9}.Debug|Any CPU.ActiveCfg = Debug|Any CPU
		{F4BFE381-211C-415F-B8AD-C6B7CF00F7B9}.Debug|Any CPU.Build.0 = Debug|Any CPU
		{F4BFE381-211C-415F-B8AD-C6B7CF00F7B9}.Release|Any CPU.ActiveCfg = Release|Any CPU
		{F4BFE381-211C-415F-B8AD-C6B7CF00F7B9}.Release|Any CPU.Build.0 = Release|Any CPU
		{1E72FBAA-40AE-47E8-91C7-50B47C3DF97B}.Debug|Any CPU.ActiveCfg = Debug|Any CPU
		{1E72FBAA-40AE-47E8-91C7-50B47C3DF97B}.Debug|Any CPU.Build.0 = Debug|Any CPU
		{1E72FBAA-40AE-47E8-91C7-50B47C3DF97B}.Release|Any CPU.ActiveCfg = Release|Any CPU
		{1E72FBAA-40AE-47E8-91C7-50B47C3DF97B}.Release|Any CPU.Build.0 = Release|Any CPU
		{F8EBC838-4AC7-472B-9B32-15A0FE353DD8}.Debug|Any CPU.ActiveCfg = Debug|Any CPU
		{F8EBC838-4AC7-472B-9B32-15A0FE353DD8}.Debug|Any CPU.Build.0 = Debug|Any CPU
		{F8EBC838-4AC7-472B-9B32-15A0FE353DD8}.Release|Any CPU.ActiveCfg = Release|Any CPU
		{F8EBC838-4AC7-472B-9B32-15A0FE353DD8}.Release|Any CPU.Build.0 = Release|Any CPU
		{E70C7C7F-7A06-4E42-97BB-9D91592FAD7C}.Debug|Any CPU.ActiveCfg = Debug|Any CPU
		{E70C7C7F-7A06-4E42-97BB-9D91592FAD7C}.Debug|Any CPU.Build.0 = Debug|Any CPU
		{E70C7C7F-7A06-4E42-97BB-9D91592FAD7C}.Release|Any CPU.ActiveCfg = Release|Any CPU
		{E70C7C7F-7A06-4E42-97BB-9D91592FAD7C}.Release|Any CPU.Build.0 = Release|Any CPU
		{675D5B5A-413F-4F41-975C-B3F551D441F9}.Debug|Any CPU.ActiveCfg = Debug|Any CPU
		{675D5B5A-413F-4F41-975C-B3F551D441F9}.Debug|Any CPU.Build.0 = Debug|Any CPU
		{675D5B5A-413F-4F41-975C-B3F551D441F9}.Release|Any CPU.ActiveCfg = Release|Any CPU
		{675D5B5A-413F-4F41-975C-B3F551D441F9}.Release|Any CPU.Build.0 = Release|Any CPU
		{F9103B68-F096-4A86-97CA-09433F1BF0A6}.Debug|Any CPU.ActiveCfg = Debug|Any CPU
		{F9103B68-F096-4A86-97CA-09433F1BF0A6}.Debug|Any CPU.Build.0 = Debug|Any CPU
		{F9103B68-F096-4A86-97CA-09433F1BF0A6}.Release|Any CPU.ActiveCfg = Release|Any CPU
		{F9103B68-F096-4A86-97CA-09433F1BF0A6}.Release|Any CPU.Build.0 = Release|Any CPU
		{65729EBF-8995-4FFF-871A-F7CBC1FC5BEE}.Debug|Any CPU.ActiveCfg = Debug|Any CPU
		{65729EBF-8995-4FFF-871A-F7CBC1FC5BEE}.Debug|Any CPU.Build.0 = Debug|Any CPU
		{65729EBF-8995-4FFF-871A-F7CBC1FC5BEE}.Release|Any CPU.ActiveCfg = Release|Any CPU
		{65729EBF-8995-4FFF-871A-F7CBC1FC5BEE}.Release|Any CPU.Build.0 = Release|Any CPU
		{9B295964-2AC2-4FB2-BEE3-FC6CABFC8ED1}.Debug|Any CPU.ActiveCfg = Debug|Any CPU
		{9B295964-2AC2-4FB2-BEE3-FC6CABFC8ED1}.Debug|Any CPU.Build.0 = Debug|Any CPU
		{9B295964-2AC2-4FB2-BEE3-FC6CABFC8ED1}.Release|Any CPU.ActiveCfg = Release|Any CPU
		{9B295964-2AC2-4FB2-BEE3-FC6CABFC8ED1}.Release|Any CPU.Build.0 = Release|Any CPU
	EndGlobalSection
	GlobalSection(SolutionProperties) = preSolution
		HideSolutionNode = FALSE
	EndGlobalSection
	GlobalSection(NestedProjects) = preSolution
		{02DE90A3-89EB-4453-A64E-59343F04BA51} = {31A8C6F9-CD2B-4F3E-8868-E31AC2796034}
		{F7F65B74-FD6A-4F3D-9445-9A9E820905BB} = {9C393535-3F69-4957-8A17-C2EE898AEA78}
		{74C5841B-ECA5-4642-BBE2-369D784A9817} = {F9E94B55-0BAB-40D1-9624-203CD63E7F6C}
		{C93B6318-1BA5-40BB-B0AC-74081B03E820} = {F9E94B55-0BAB-40D1-9624-203CD63E7F6C}
		{970729F1-0F12-42BF-840C-3EBCA1B40858} = {31A8C6F9-CD2B-4F3E-8868-E31AC2796034}
		{F4BFE381-211C-415F-B8AD-C6B7CF00F7B9} = {31A8C6F9-CD2B-4F3E-8868-E31AC2796034}
		{1E72FBAA-40AE-47E8-91C7-50B47C3DF97B} = {31A8C6F9-CD2B-4F3E-8868-E31AC2796034}
		{F8EBC838-4AC7-472B-9B32-15A0FE353DD8} = {9C393535-3F69-4957-8A17-C2EE898AEA78}
		{E70C7C7F-7A06-4E42-97BB-9D91592FAD7C} = {9C393535-3F69-4957-8A17-C2EE898AEA78}
		{675D5B5A-413F-4F41-975C-B3F551D441F9} = {9C393535-3F69-4957-8A17-C2EE898AEA78}
		{F9103B68-F096-4A86-97CA-09433F1BF0A6} = {31A8C6F9-CD2B-4F3E-8868-E31AC2796034}
		{65729EBF-8995-4FFF-871A-F7CBC1FC5BEE} = {31A8C6F9-CD2B-4F3E-8868-E31AC2796034}
		{9B295964-2AC2-4FB2-BEE3-FC6CABFC8ED1} = {31A8C6F9-CD2B-4F3E-8868-E31AC2796034}
	EndGlobalSection
	GlobalSection(ExtensibilityGlobals) = postSolution
		SolutionGuid = {23E66ECB-8601-45AD-8B8A-DDAEDB4ABBBF}
	EndGlobalSection
EndGlobal
